# This file is automatically @generated by Cargo.
# It is not intended for manual editing.
version = 3

[[package]]
name = "Lab_5_Relations"
version = "0.1.0"
dependencies = [
 "relations",
]

[[package]]
name = "relations"
version = "0.3.0"
source = "registry+https://github.com/rust-lang/crates.io-index"
checksum = "40665a1ccc7f19bcd5976a5866a5949b2dac32edee3e4a7ed35f946fece29df9"
